
Microsoft Visual Studio Solution File, Format Version 12.00
# Visual Studio 14
VisualStudioVersion = 14.0.25420.1
MinimumVisualStudioVersion = 10.0.40219.1
Project("{FAE04EC0-301F-11D3-BF4B-00C04F79EFBC}") = "LogoFX.Tools.TemplateGenerator.App", "LogoFX.Tools.TemplateGenerator.App\LogoFX.Tools.TemplateGenerator.App.csproj", "{5356B203-095E-4205-857F-BCED3324C3F1}"
EndProject
Project("{FAE04EC0-301F-11D3-BF4B-00C04F79EFBC}") = "LogoFX.Tools.TemplateGenerator", "LogoFX.Tools.TemplateGenerator\LogoFX.Tools.TemplateGenerator.csproj", "{6588154F-33F5-458E-8445-433228326999}"
EndProject
Global
	GlobalSection(SolutionConfigurationPlatforms) = preSolution
		Debug|Any CPU = Debug|Any CPU
		Release|Any CPU = Release|Any CPU
	EndGlobalSection
	GlobalSection(ProjectConfigurationPlatforms) = postSolution
		{5356B203-095E-4205-857F-BCED3324C3F1}.Debug|Any CPU.ActiveCfg = Debug|Any CPU
		{5356B203-095E-4205-857F-BCED3324C3F1}.Debug|Any CPU.Build.0 = Debug|Any CPU
		{5356B203-095E-4205-857F-BCED3324C3F1}.Release|Any CPU.ActiveCfg = Release|Any CPU
		{5356B203-095E-4205-857F-BCED3324C3F1}.Release|Any CPU.Build.0 = Release|Any CPU
		{6588154F-33F5-458E-8445-433228326999}.Debug|Any CPU.ActiveCfg = Debug|Any CPU
		{6588154F-33F5-458E-8445-433228326999}.Debug|Any CPU.Build.0 = Debug|Any CPU
		{6588154F-33F5-458E-8445-433228326999}.Release|Any CPU.ActiveCfg = Release|Any CPU
		{6588154F-33F5-458E-8445-433228326999}.Release|Any CPU.Build.0 = Release|Any CPU
	EndGlobalSection
	GlobalSection(SolutionProperties) = preSolution
		HideSolutionNode = FALSE
	EndGlobalSection
EndGlobal
