
Microsoft Visual Studio Solution File, Format Version 12.00
# Visual Studio 14
VisualStudioVersion = 14.0.25420.1
MinimumVisualStudioVersion = 10.0.40219.1
Project("{FAE04EC0-301F-11D3-BF4B-00C04F79EFBC}") = "LogoFX.Templates.Client.Launcher", "LogoFX.Templates.Client.Launcher\LogoFX.Templates.Client.Launcher.csproj", "{8AE6A7DE-2E3D-431E-98DE-D7DA21DDC947}"
EndProject
Project("{FAE04EC0-301F-11D3-BF4B-00C04F79EFBC}") = "LogoFX.Templates.Client.Shell", "LogoFX.Templates.Client.Shell\LogoFX.Templates.Client.Shell.csproj", "{FCD65B0C-855B-47C8-8E23-8AFDA16ED950}"
EndProject
Project("{2150E333-8FDC-42A3-9474-1A3956D46DE8}") = "App", "App", "{B01A6564-1703-4D10-8E22-AEC865E6E7CA}"
EndProject
Project("{2150E333-8FDC-42A3-9474-1A3956D46DE8}") = "Client", "Client", "{7A8EF0EE-AE65-4C20-916A-0F041DE64B78}"
EndProject
Project("{2150E333-8FDC-42A3-9474-1A3956D46DE8}") = "Presentation", "Presentation", "{DE656C5A-62BD-44BE-8BBB-CB4EB4A3090E}"
EndProject
Project("{FAE04EC0-301F-11D3-BF4B-00C04F79EFBC}") = "LogoFX.Templates.Client.Shared", "LogoFX.Templates.Client.Shared\LogoFX.Templates.Client.Shared.csproj", "{3C44C943-64A7-4450-8ECC-CE3F4CE76B59}"
EndProject
Project("{2150E333-8FDC-42A3-9474-1A3956D46DE8}") = "Solution Items", "Solution Items", "{1D18A495-7FF8-428E-B641-ED50EBC3436F}"
	ProjectSection(SolutionItems) = preProject
		LogoFX.Templates.vstemplate = LogoFX.Templates.vstemplate
	EndProjectSection
EndProject
Global
	GlobalSection(SolutionConfigurationPlatforms) = preSolution
		Debug|Any CPU = Debug|Any CPU
		Release|Any CPU = Release|Any CPU
	EndGlobalSection
	GlobalSection(ProjectConfigurationPlatforms) = postSolution
		{8AE6A7DE-2E3D-431E-98DE-D7DA21DDC947}.Debug|Any CPU.ActiveCfg = Debug|Any CPU
		{8AE6A7DE-2E3D-431E-98DE-D7DA21DDC947}.Debug|Any CPU.Build.0 = Debug|Any CPU
		{8AE6A7DE-2E3D-431E-98DE-D7DA21DDC947}.Release|Any CPU.ActiveCfg = Release|Any CPU
		{8AE6A7DE-2E3D-431E-98DE-D7DA21DDC947}.Release|Any CPU.Build.0 = Release|Any CPU
		{FCD65B0C-855B-47C8-8E23-8AFDA16ED950}.Debug|Any CPU.ActiveCfg = Debug|Any CPU
		{FCD65B0C-855B-47C8-8E23-8AFDA16ED950}.Debug|Any CPU.Build.0 = Debug|Any CPU
		{FCD65B0C-855B-47C8-8E23-8AFDA16ED950}.Release|Any CPU.ActiveCfg = Release|Any CPU
		{FCD65B0C-855B-47C8-8E23-8AFDA16ED950}.Release|Any CPU.Build.0 = Release|Any CPU
		{3C44C943-64A7-4450-8ECC-CE3F4CE76B59}.Debug|Any CPU.ActiveCfg = Debug|Any CPU
		{3C44C943-64A7-4450-8ECC-CE3F4CE76B59}.Debug|Any CPU.Build.0 = Debug|Any CPU
		{3C44C943-64A7-4450-8ECC-CE3F4CE76B59}.Release|Any CPU.ActiveCfg = Release|Any CPU
		{3C44C943-64A7-4450-8ECC-CE3F4CE76B59}.Release|Any CPU.Build.0 = Release|Any CPU
	EndGlobalSection
	GlobalSection(SolutionProperties) = preSolution
		HideSolutionNode = FALSE
	EndGlobalSection
	GlobalSection(NestedProjects) = preSolution
		{8AE6A7DE-2E3D-431E-98DE-D7DA21DDC947} = {7A8EF0EE-AE65-4C20-916A-0F041DE64B78}
		{FCD65B0C-855B-47C8-8E23-8AFDA16ED950} = {DE656C5A-62BD-44BE-8BBB-CB4EB4A3090E}
		{7A8EF0EE-AE65-4C20-916A-0F041DE64B78} = {B01A6564-1703-4D10-8E22-AEC865E6E7CA}
		{DE656C5A-62BD-44BE-8BBB-CB4EB4A3090E} = {7A8EF0EE-AE65-4C20-916A-0F041DE64B78}
		{3C44C943-64A7-4450-8ECC-CE3F4CE76B59} = {DE656C5A-62BD-44BE-8BBB-CB4EB4A3090E}
	EndGlobalSection
EndGlobal
