
Microsoft Visual Studio Solution File, Format Version 12.00
# Visual Studio 14
VisualStudioVersion = 14.0.25420.1
MinimumVisualStudioVersion = 10.0.40219.1
Project("{2150E333-8FDC-42A3-9474-1A3956D46DE8}") = "App", "App", "{9DC88C4C-BB19-4446-9AA4-C2A03B4E6251}"
EndProject
Project("{2150E333-8FDC-42A3-9474-1A3956D46DE8}") = "Client", "Client", "{63D1B809-2E28-4B31-910D-C0FBBC4CF1D7}"
EndProject
Project("{FAE04EC0-301F-11D3-BF4B-00C04F79EFBC}") = "MinimalisticWpf.Client.Launcher", "MinimalisticWpf.Client.Launcher\MinimalisticWpf.Client.Launcher.csproj", "{131C461E-570C-4FA0-8076-48185D1D601C}"
EndProject
Project("{2150E333-8FDC-42A3-9474-1A3956D46DE8}") = "Presentation", "Presentation", "{125F3685-25FD-4D43-9FAB-64A38FD68A9B}"
EndProject
Project("{FAE04EC0-301F-11D3-BF4B-00C04F79EFBC}") = "MinimalisticWpf.Client.Presentation.Shell", "MinimalisticWpf.Client.Presentation.Shell\MinimalisticWpf.Client.Presentation.Shell.csproj", "{94A1069A-45FD-422B-BA5D-531F55EE6AEE}"
EndProject
Project("{2150E333-8FDC-42A3-9474-1A3956D46DE8}") = "Data", "Data", "{2EFEF399-443E-4E4C-AEB2-8CF6009779D7}"
EndProject
Project("{2150E333-8FDC-42A3-9474-1A3956D46DE8}") = "Model", "Model", "{1B5AF9B5-722C-40D2-8F11-59AEB076EAA2}"
EndProject
Project("{FAE04EC0-301F-11D3-BF4B-00C04F79EFBC}") = "MinimalisticWpf.Client.Model", "MinimalisticWpf.Client.Model\MinimalisticWpf.Client.Model.csproj", "{7A0ACDB1-E125-4CB6-BB20-F805C238955B}"
EndProject
Project("{FAE04EC0-301F-11D3-BF4B-00C04F79EFBC}") = "MinimalisticWpf.Client.Model.Contracts", "MinimalisticWpf.Client.Model.Contracts\MinimalisticWpf.Client.Model.Contracts.csproj", "{2E709E28-B664-4586-961E-3C05F954A38E}"
EndProject
Project("{FAE04EC0-301F-11D3-BF4B-00C04F79EFBC}") = "MinimalisticWpf.Client.Model.Shared", "MinimalisticWpf.Client.Model.Shared\MinimalisticWpf.Client.Model.Shared.csproj", "{43E5CAB1-6E3E-4597-9A35-CF4AE6B7F0F2}"
EndProject
Project("{2150E333-8FDC-42A3-9474-1A3956D46DE8}") = "Contracts", "Contracts", "{E7B9C540-D05F-4524-96B0-6ADBE9BFAAEA}"
EndProject
Project("{FAE04EC0-301F-11D3-BF4B-00C04F79EFBC}") = "MinimalisticWpf.Client.Data.Contracts.Dto", "MinimalisticWpf.Client.Data.Contracts.Dto\MinimalisticWpf.Client.Data.Contracts.Dto.csproj", "{968BDB4A-DB70-4214-A492-A27FA446C563}"
EndProject
Project("{FAE04EC0-301F-11D3-BF4B-00C04F79EFBC}") = "MinimalisticWpf.Client.Data.Contracts.Providers", "MinimalisticWpf.Client.Data.Contracts.Providers\MinimalisticWpf.Client.Data.Contracts.Providers.csproj", "{B7B79EA1-8332-4C36-8C15-61C403DF946D}"
EndProject
Project("{2150E333-8FDC-42A3-9474-1A3956D46DE8}") = "Fake", "Fake", "{630487B2-7867-4C09-8F0D-AB9BA179C893}"
EndProject
Project("{FAE04EC0-301F-11D3-BF4B-00C04F79EFBC}") = "MinimalisticWpf.Client.Data.Fake.Providers", "MinimalisticWpf.Client.Data.Fake.Providers\MinimalisticWpf.Client.Data.Fake.Providers.csproj", "{B0ECC98E-39B2-453F-9383-E6D8052D3668}"
EndProject
Project("{2150E333-8FDC-42A3-9474-1A3956D46DE8}") = "Real", "Real", "{F6267292-D4C1-4139-BEE8-D37EDC76030B}"
EndProject
Project("{FAE04EC0-301F-11D3-BF4B-00C04F79EFBC}") = "MinimalisticWpf.Client.Data.Real.Providers", "MinimalisticWpf.Client.Data.Real.Providers\MinimalisticWpf.Client.Data.Real.Providers.csproj", "{62F9A7B5-B4A3-4266-8B37-59FE656A66CC}"
EndProject
Global
	GlobalSection(SolutionConfigurationPlatforms) = preSolution
		Debug|Any CPU = Debug|Any CPU
		DebugWithFake|Any CPU = DebugWithFake|Any CPU
		DebugWithReal|Any CPU = DebugWithReal|Any CPU
		Release|Any CPU = Release|Any CPU
	EndGlobalSection
	GlobalSection(ProjectConfigurationPlatforms) = postSolution
		{131C461E-570C-4FA0-8076-48185D1D601C}.Debug|Any CPU.ActiveCfg = Debug|Any CPU
		{131C461E-570C-4FA0-8076-48185D1D601C}.Debug|Any CPU.Build.0 = Debug|Any CPU
		{131C461E-570C-4FA0-8076-48185D1D601C}.DebugWithFake|Any CPU.ActiveCfg = DebugWithFake|Any CPU
		{131C461E-570C-4FA0-8076-48185D1D601C}.DebugWithFake|Any CPU.Build.0 = DebugWithFake|Any CPU
		{131C461E-570C-4FA0-8076-48185D1D601C}.DebugWithReal|Any CPU.ActiveCfg = DebugWithReal|Any CPU
		{131C461E-570C-4FA0-8076-48185D1D601C}.DebugWithReal|Any CPU.Build.0 = DebugWithReal|Any CPU
		{131C461E-570C-4FA0-8076-48185D1D601C}.Release|Any CPU.ActiveCfg = Release|Any CPU
		{131C461E-570C-4FA0-8076-48185D1D601C}.Release|Any CPU.Build.0 = Release|Any CPU
		{94A1069A-45FD-422B-BA5D-531F55EE6AEE}.Debug|Any CPU.ActiveCfg = Debug|Any CPU
		{94A1069A-45FD-422B-BA5D-531F55EE6AEE}.Debug|Any CPU.Build.0 = Debug|Any CPU
		{94A1069A-45FD-422B-BA5D-531F55EE6AEE}.DebugWithFake|Any CPU.ActiveCfg = DebugWithFake|Any CPU
		{94A1069A-45FD-422B-BA5D-531F55EE6AEE}.DebugWithFake|Any CPU.Build.0 = DebugWithFake|Any CPU
		{94A1069A-45FD-422B-BA5D-531F55EE6AEE}.DebugWithReal|Any CPU.ActiveCfg = DebugWithReal|Any CPU
		{94A1069A-45FD-422B-BA5D-531F55EE6AEE}.DebugWithReal|Any CPU.Build.0 = DebugWithReal|Any CPU
		{94A1069A-45FD-422B-BA5D-531F55EE6AEE}.Release|Any CPU.ActiveCfg = Release|Any CPU
		{94A1069A-45FD-422B-BA5D-531F55EE6AEE}.Release|Any CPU.Build.0 = Release|Any CPU
		{7A0ACDB1-E125-4CB6-BB20-F805C238955B}.Debug|Any CPU.ActiveCfg = Debug|Any CPU
		{7A0ACDB1-E125-4CB6-BB20-F805C238955B}.Debug|Any CPU.Build.0 = Debug|Any CPU
		{7A0ACDB1-E125-4CB6-BB20-F805C238955B}.DebugWithFake|Any CPU.ActiveCfg = DebugWithFake|Any CPU
		{7A0ACDB1-E125-4CB6-BB20-F805C238955B}.DebugWithFake|Any CPU.Build.0 = DebugWithFake|Any CPU
		{7A0ACDB1-E125-4CB6-BB20-F805C238955B}.DebugWithReal|Any CPU.ActiveCfg = DebugWithReal|Any CPU
		{7A0ACDB1-E125-4CB6-BB20-F805C238955B}.DebugWithReal|Any CPU.Build.0 = DebugWithReal|Any CPU
		{7A0ACDB1-E125-4CB6-BB20-F805C238955B}.Release|Any CPU.ActiveCfg = Release|Any CPU
		{7A0ACDB1-E125-4CB6-BB20-F805C238955B}.Release|Any CPU.Build.0 = Release|Any CPU
		{2E709E28-B664-4586-961E-3C05F954A38E}.Debug|Any CPU.ActiveCfg = Debug|Any CPU
		{2E709E28-B664-4586-961E-3C05F954A38E}.Debug|Any CPU.Build.0 = Debug|Any CPU
		{2E709E28-B664-4586-961E-3C05F954A38E}.DebugWithFake|Any CPU.ActiveCfg = DebugWithFake|Any CPU
		{2E709E28-B664-4586-961E-3C05F954A38E}.DebugWithFake|Any CPU.Build.0 = DebugWithFake|Any CPU
		{2E709E28-B664-4586-961E-3C05F954A38E}.DebugWithReal|Any CPU.ActiveCfg = DebugWithReal|Any CPU
		{2E709E28-B664-4586-961E-3C05F954A38E}.DebugWithReal|Any CPU.Build.0 = DebugWithReal|Any CPU
		{2E709E28-B664-4586-961E-3C05F954A38E}.Release|Any CPU.ActiveCfg = Release|Any CPU
		{2E709E28-B664-4586-961E-3C05F954A38E}.Release|Any CPU.Build.0 = Release|Any CPU
		{43E5CAB1-6E3E-4597-9A35-CF4AE6B7F0F2}.Debug|Any CPU.ActiveCfg = Debug|Any CPU
		{43E5CAB1-6E3E-4597-9A35-CF4AE6B7F0F2}.Debug|Any CPU.Build.0 = Debug|Any CPU
		{43E5CAB1-6E3E-4597-9A35-CF4AE6B7F0F2}.DebugWithFake|Any CPU.ActiveCfg = DebugWithFake|Any CPU
		{43E5CAB1-6E3E-4597-9A35-CF4AE6B7F0F2}.DebugWithFake|Any CPU.Build.0 = DebugWithFake|Any CPU
		{43E5CAB1-6E3E-4597-9A35-CF4AE6B7F0F2}.DebugWithReal|Any CPU.ActiveCfg = DebugWithReal|Any CPU
		{43E5CAB1-6E3E-4597-9A35-CF4AE6B7F0F2}.DebugWithReal|Any CPU.Build.0 = DebugWithReal|Any CPU
		{43E5CAB1-6E3E-4597-9A35-CF4AE6B7F0F2}.Release|Any CPU.ActiveCfg = Release|Any CPU
		{43E5CAB1-6E3E-4597-9A35-CF4AE6B7F0F2}.Release|Any CPU.Build.0 = Release|Any CPU
		{968BDB4A-DB70-4214-A492-A27FA446C563}.Debug|Any CPU.ActiveCfg = Debug|Any CPU
		{968BDB4A-DB70-4214-A492-A27FA446C563}.Debug|Any CPU.Build.0 = Debug|Any CPU
		{968BDB4A-DB70-4214-A492-A27FA446C563}.DebugWithFake|Any CPU.ActiveCfg = DebugWithFake|Any CPU
		{968BDB4A-DB70-4214-A492-A27FA446C563}.DebugWithFake|Any CPU.Build.0 = DebugWithFake|Any CPU
		{968BDB4A-DB70-4214-A492-A27FA446C563}.DebugWithReal|Any CPU.ActiveCfg = DebugWithReal|Any CPU
		{968BDB4A-DB70-4214-A492-A27FA446C563}.DebugWithReal|Any CPU.Build.0 = DebugWithReal|Any CPU
		{968BDB4A-DB70-4214-A492-A27FA446C563}.Release|Any CPU.ActiveCfg = Release|Any CPU
		{968BDB4A-DB70-4214-A492-A27FA446C563}.Release|Any CPU.Build.0 = Release|Any CPU
		{B7B79EA1-8332-4C36-8C15-61C403DF946D}.Debug|Any CPU.ActiveCfg = Debug|Any CPU
		{B7B79EA1-8332-4C36-8C15-61C403DF946D}.Debug|Any CPU.Build.0 = Debug|Any CPU
		{B7B79EA1-8332-4C36-8C15-61C403DF946D}.DebugWithFake|Any CPU.ActiveCfg = DebugWithFake|Any CPU
		{B7B79EA1-8332-4C36-8C15-61C403DF946D}.DebugWithFake|Any CPU.Build.0 = DebugWithFake|Any CPU
		{B7B79EA1-8332-4C36-8C15-61C403DF946D}.DebugWithReal|Any CPU.ActiveCfg = DebugWithReal|Any CPU
		{B7B79EA1-8332-4C36-8C15-61C403DF946D}.DebugWithReal|Any CPU.Build.0 = DebugWithReal|Any CPU
		{B7B79EA1-8332-4C36-8C15-61C403DF946D}.Release|Any CPU.ActiveCfg = Release|Any CPU
		{B7B79EA1-8332-4C36-8C15-61C403DF946D}.Release|Any CPU.Build.0 = Release|Any CPU
		{B0ECC98E-39B2-453F-9383-E6D8052D3668}.Debug|Any CPU.ActiveCfg = Debug|Any CPU
		{B0ECC98E-39B2-453F-9383-E6D8052D3668}.Debug|Any CPU.Build.0 = Debug|Any CPU
		{B0ECC98E-39B2-453F-9383-E6D8052D3668}.DebugWithFake|Any CPU.ActiveCfg = DebugWithFake|Any CPU
		{B0ECC98E-39B2-453F-9383-E6D8052D3668}.DebugWithFake|Any CPU.Build.0 = DebugWithFake|Any CPU
		{B0ECC98E-39B2-453F-9383-E6D8052D3668}.DebugWithReal|Any CPU.ActiveCfg = DebugWithReal|Any CPU
		{B0ECC98E-39B2-453F-9383-E6D8052D3668}.DebugWithReal|Any CPU.Build.0 = DebugWithReal|Any CPU
		{B0ECC98E-39B2-453F-9383-E6D8052D3668}.Release|Any CPU.ActiveCfg = Release|Any CPU
		{B0ECC98E-39B2-453F-9383-E6D8052D3668}.Release|Any CPU.Build.0 = Release|Any CPU
		{62F9A7B5-B4A3-4266-8B37-59FE656A66CC}.Debug|Any CPU.ActiveCfg = Debug|Any CPU
		{62F9A7B5-B4A3-4266-8B37-59FE656A66CC}.Debug|Any CPU.Build.0 = Debug|Any CPU
		{62F9A7B5-B4A3-4266-8B37-59FE656A66CC}.DebugWithFake|Any CPU.ActiveCfg = DebugWithFake|Any CPU
		{62F9A7B5-B4A3-4266-8B37-59FE656A66CC}.DebugWithFake|Any CPU.Build.0 = DebugWithFake|Any CPU
		{62F9A7B5-B4A3-4266-8B37-59FE656A66CC}.DebugWithReal|Any CPU.ActiveCfg = DebugWithReal|Any CPU
		{62F9A7B5-B4A3-4266-8B37-59FE656A66CC}.DebugWithReal|Any CPU.Build.0 = DebugWithReal|Any CPU
		{62F9A7B5-B4A3-4266-8B37-59FE656A66CC}.Release|Any CPU.ActiveCfg = Release|Any CPU
		{62F9A7B5-B4A3-4266-8B37-59FE656A66CC}.Release|Any CPU.Build.0 = Release|Any CPU
	EndGlobalSection
	GlobalSection(SolutionProperties) = preSolution
		HideSolutionNode = FALSE
	EndGlobalSection
	GlobalSection(NestedProjects) = preSolution
		{63D1B809-2E28-4B31-910D-C0FBBC4CF1D7} = {9DC88C4C-BB19-4446-9AA4-C2A03B4E6251}
		{131C461E-570C-4FA0-8076-48185D1D601C} = {63D1B809-2E28-4B31-910D-C0FBBC4CF1D7}
		{125F3685-25FD-4D43-9FAB-64A38FD68A9B} = {63D1B809-2E28-4B31-910D-C0FBBC4CF1D7}
		{94A1069A-45FD-422B-BA5D-531F55EE6AEE} = {125F3685-25FD-4D43-9FAB-64A38FD68A9B}
		{2EFEF399-443E-4E4C-AEB2-8CF6009779D7} = {63D1B809-2E28-4B31-910D-C0FBBC4CF1D7}
		{1B5AF9B5-722C-40D2-8F11-59AEB076EAA2} = {63D1B809-2E28-4B31-910D-C0FBBC4CF1D7}
		{7A0ACDB1-E125-4CB6-BB20-F805C238955B} = {1B5AF9B5-722C-40D2-8F11-59AEB076EAA2}
		{2E709E28-B664-4586-961E-3C05F954A38E} = {1B5AF9B5-722C-40D2-8F11-59AEB076EAA2}
		{43E5CAB1-6E3E-4597-9A35-CF4AE6B7F0F2} = {1B5AF9B5-722C-40D2-8F11-59AEB076EAA2}
		{E7B9C540-D05F-4524-96B0-6ADBE9BFAAEA} = {2EFEF399-443E-4E4C-AEB2-8CF6009779D7}
		{968BDB4A-DB70-4214-A492-A27FA446C563} = {E7B9C540-D05F-4524-96B0-6ADBE9BFAAEA}
		{B7B79EA1-8332-4C36-8C15-61C403DF946D} = {E7B9C540-D05F-4524-96B0-6ADBE9BFAAEA}
		{630487B2-7867-4C09-8F0D-AB9BA179C893} = {2EFEF399-443E-4E4C-AEB2-8CF6009779D7}
		{B0ECC98E-39B2-453F-9383-E6D8052D3668} = {630487B2-7867-4C09-8F0D-AB9BA179C893}
		{F6267292-D4C1-4139-BEE8-D37EDC76030B} = {2EFEF399-443E-4E4C-AEB2-8CF6009779D7}
		{62F9A7B5-B4A3-4266-8B37-59FE656A66CC} = {F6267292-D4C1-4139-BEE8-D37EDC76030B}
	EndGlobalSection
EndGlobal
