
Microsoft Visual Studio Solution File, Format Version 12.00
# Visual Studio 15
VisualStudioVersion = 15.0.27428.2043
MinimumVisualStudioVersion = 10.0.40219.1
Project("{FAE04EC0-301F-11D3-BF4B-00C04F79EFBC}") = "LogoFX.Tools.Templates", "LogoFX.Tools.Templates\LogoFX.Tools.Templates.csproj", "{EDF177C8-9FD3-4219-97E4-1A6D5122C777}"
EndProject
Project("{FAE04EC0-301F-11D3-BF4B-00C04F79EFBC}") = "LogoFX.Tools.Templates.Wizard", "LogoFX.Tools.Templates.Wizard\LogoFX.Tools.Templates.Wizard.csproj", "{49CC73EF-E0EC-48F2-8F53-A6FDA3EB7631}"
EndProject
Project("{FAE04EC0-301F-11D3-BF4B-00C04F79EFBC}") = "LogoFX.Tools.Common.Model", "LogoFX.Tools.Common.Model\LogoFX.Tools.Common.Model.csproj", "{134A21A4-30A3-47DC-8B2F-14FAD5670477}"
EndProject
Project("{FAE04EC0-301F-11D3-BF4B-00C04F79EFBC}") = "LogoFX.Tools.Templates.15", "LogoFX.Tools.Templates.15\LogoFX.Tools.Templates.15.csproj", "{F5D58E83-547D-4E49-B064-229ED384ACE2}"
EndProject
Global
	GlobalSection(SolutionConfigurationPlatforms) = preSolution
		Debug|Any CPU = Debug|Any CPU
		Release|Any CPU = Release|Any CPU
	EndGlobalSection
	GlobalSection(ProjectConfigurationPlatforms) = postSolution
		{EDF177C8-9FD3-4219-97E4-1A6D5122C777}.Debug|Any CPU.ActiveCfg = Debug|Any CPU
		{EDF177C8-9FD3-4219-97E4-1A6D5122C777}.Debug|Any CPU.Build.0 = Debug|Any CPU
		{EDF177C8-9FD3-4219-97E4-1A6D5122C777}.Release|Any CPU.ActiveCfg = Release|Any CPU
		{EDF177C8-9FD3-4219-97E4-1A6D5122C777}.Release|Any CPU.Build.0 = Release|Any CPU
		{49CC73EF-E0EC-48F2-8F53-A6FDA3EB7631}.Debug|Any CPU.ActiveCfg = Debug|Any CPU
		{49CC73EF-E0EC-48F2-8F53-A6FDA3EB7631}.Debug|Any CPU.Build.0 = Debug|Any CPU
		{49CC73EF-E0EC-48F2-8F53-A6FDA3EB7631}.Release|Any CPU.ActiveCfg = Release|Any CPU
		{49CC73EF-E0EC-48F2-8F53-A6FDA3EB7631}.Release|Any CPU.Build.0 = Release|Any CPU
		{134A21A4-30A3-47DC-8B2F-14FAD5670477}.Debug|Any CPU.ActiveCfg = Debug|Any CPU
		{134A21A4-30A3-47DC-8B2F-14FAD5670477}.Debug|Any CPU.Build.0 = Debug|Any CPU
		{134A21A4-30A3-47DC-8B2F-14FAD5670477}.Release|Any CPU.ActiveCfg = Release|Any CPU
		{134A21A4-30A3-47DC-8B2F-14FAD5670477}.Release|Any CPU.Build.0 = Release|Any CPU
		{F5D58E83-547D-4E49-B064-229ED384ACE2}.Debug|Any CPU.ActiveCfg = Debug|Any CPU
		{F5D58E83-547D-4E49-B064-229ED384ACE2}.Debug|Any CPU.Build.0 = Debug|Any CPU
		{F5D58E83-547D-4E49-B064-229ED384ACE2}.Release|Any CPU.ActiveCfg = Release|Any CPU
		{F5D58E83-547D-4E49-B064-229ED384ACE2}.Release|Any CPU.Build.0 = Release|Any CPU
	EndGlobalSection
	GlobalSection(SolutionProperties) = preSolution
		HideSolutionNode = FALSE
	EndGlobalSection
	GlobalSection(ExtensibilityGlobals) = postSolution
		SolutionGuid = {3D963FAA-E129-4125-A0CC-4ACBE4D4EDE8}
	EndGlobalSection
EndGlobal
